// !$*UTF8*$!
{
	archiveVersion = 1;
	classes = {
	};
	objectVersion = 50;
	objects = {

/* Begin PBXBuildFile section */
		A175991F244EE33500C90A1E /* main.c in Sources */ = {isa = PBXBuildFile; fileRef = A175991E244EE33500C90A1E /* main.c */; };
/* End PBXBuildFile section */

/* Begin PBXCopyFilesBuildPhase section */
		A1759919244EE33500C90A1E /* CopyFiles */ = {
			isa = PBXCopyFilesBuildPhase;
			buildActionMask = 2147483647;
			dstPath = /usr/share/man/man1/;
			dstSubfolderSpec = 0;
			files = (
			);
			runOnlyForDeploymentPostprocessing = 1;
		};
/* End PBXCopyFilesBuildPhase section */

/* Begin PBXFileReference section */
		A175991B244EE33500C90A1E /* homework_LLGMN_TA */ = {isa = PBXFileReference; explicitFileType = "compiled.mach-o.executable"; includeInIndex = 0; path = homework_LLGMN_TA; sourceTree = BUILT_PRODUCTS_DIR; };
		A175991E244EE33500C90A1E /* main.c */ = {isa = PBXFileReference; lastKnownFileType = sourcecode.c.c; path = main.c; sourceTree = "<group>"; };
		A1759925244EE39800C90A1E /* dis_sig.csv */ = {isa = PBXFileReference; fileEncoding = 4; lastKnownFileType = text; name = dis_sig.csv; path = ../../homework_LLGMN/homework_LLGMN/dis_sig.csv; sourceTree = "<group>"; };
		A1759926244EE3A400C90A1E /* dis_T_sig.csv */ = {isa = PBXFileReference; fileEncoding = 4; lastKnownFileType = text; name = dis_T_sig.csv; path = ../../homework_LLGMN/homework_LLGMN/dis_T_sig.csv; sourceTree = "<group>"; };
		A1759927244EE3AA00C90A1E /* lea_sig.csv */ = {isa = PBXFileReference; fileEncoding = 4; lastKnownFileType = text; name = lea_sig.csv; path = ../../homework_LLGMN/homework_LLGMN/lea_sig.csv; sourceTree = "<group>"; };
		A1759928244EE3B100C90A1E /* lea_T_sig.csv */ = {isa = PBXFileReference; fileEncoding = 4; lastKnownFileType = text; name = lea_T_sig.csv; path = ../../homework_LLGMN/homework_LLGMN/lea_T_sig.csv; sourceTree = "<group>"; };
/* End PBXFileReference section */

/* Begin PBXFrameworksBuildPhase section */
		A1759918244EE33500C90A1E /* Frameworks */ = {
			isa = PBXFrameworksBuildPhase;
			buildActionMask = 2147483647;
			files = (
			);
			runOnlyForDeploymentPostprocessing = 0;
		};
/* End PBXFrameworksBuildPhase section */

/* Begin PBXGroup section */
		A1759912244EE33500C90A1E = {
			isa = PBXGroup;
			children = (
				A175991D244EE33500C90A1E /* homework_LLGMN_TA */,
				A175991C244EE33500C90A1E /* Products */,
			);
			sourceTree = "<group>";
		};
		A175991C244EE33500C90A1E /* Products */ = {
			isa = PBXGroup;
			children = (
				A175991B244EE33500C90A1E /* homework_LLGMN_TA */,
			);
			name = Products;
			sourceTree = "<group>";
		};
		A175991D244EE33500C90A1E /* homework_LLGMN_TA */ = {
			isa = PBXGroup;
			children = (
				A1759925244EE39800C90A1E /* dis_sig.csv */,
				A1759926244EE3A400C90A1E /* dis_T_sig.csv */,
				A1759927244EE3AA00C90A1E /* lea_sig.csv */,
				A1759928244EE3B100C90A1E /* lea_T_sig.csv */,
				A175991E244EE33500C90A1E /* main.c */,
			);
			path = homework_LLGMN_TA;
			sourceTree = "<group>";
		};
/* End PBXGroup section */

/* Begin PBXNativeTarget section */
		A175991A244EE33500C90A1E /* homework_LLGMN_TA */ = {
			isa = PBXNativeTarget;
			buildConfigurationList = A1759922244EE33500C90A1E /* Build configuration list for PBXNativeTarget "homework_LLGMN_TA" */;
			buildPhases = (
				A1759917244EE33500C90A1E /* Sources */,
				A1759918244EE33500C90A1E /* Frameworks */,
				A1759919244EE33500C90A1E /* CopyFiles */,
			);
			buildRules = (
			);
			dependencies = (
			);
			name = homework_LLGMN_TA;
			productName = homework_LLGMN_TA;
			productReference = A175991B244EE33500C90A1E /* homework_LLGMN_TA */;
			productType = "com.apple.product-type.tool";
		};
/* End PBXNativeTarget section */

/* Begin PBXProject section */
		A1759913244EE33500C90A1E /* Project object */ = {
			isa = PBXProject;
			attributes = {
				LastUpgradeCheck = 1110;
				ORGANIZATIONNAME = "末廣勇祐";
				TargetAttributes = {
					A175991A244EE33500C90A1E = {
						CreatedOnToolsVersion = 11.1;
					};
				};
			};
			buildConfigurationList = A1759916244EE33500C90A1E /* Build configuration list for PBXProject "homework_LLGMN_TA" */;
			compatibilityVersion = "Xcode 9.3";
			developmentRegion = en;
			hasScannedForEncodings = 0;
			knownRegions = (
				en,
				Base,
			);
			mainGroup = A1759912244EE33500C90A1E;
			productRefGroup = A175991C244EE33500C90A1E /* Products */;
			projectDirPath = "";
			projectRoot = "";
			targets = (
				A175991A244EE33500C90A1E /* homework_LLGMN_TA */,
			);
		};
/* End PBXProject section */

/* Begin PBXSourcesBuildPhase section */
		A1759917244EE33500C90A1E /* Sources */ = {
			isa = PBXSourcesBuildPhase;
			buildActionMask = 2147483647;
			files = (
				A175991F244EE33500C90A1E /* main.c in Sources */,
			);
			runOnlyForDeploymentPostprocessing = 0;
		};
/* End PBXSourcesBuildPhase section */

/* Begin XCBuildConfiguration section */
		A1759920244EE33500C90A1E /* Debug */ = {
			isa = XCBuildConfiguration;
			buildSettings = {
				ALWAYS_SEARCH_USER_PATHS = NO;
				CLANG_ANALYZER_NONNULL = YES;
				CLANG_ANALYZER_NUMBER_OBJECT_CONVERSION = YES_AGGRESSIVE;
				CLANG_CXX_LANGUAGE_STANDARD = "gnu++14";
				CLANG_CXX_LIBRARY = "libc++";
				CLANG_ENABLE_MODULES = YES;
				CLANG_ENABLE_OBJC_ARC = YES;
				CLANG_ENABLE_OBJC_WEAK = YES;
				CLANG_WARN_BLOCK_CAPTURE_AUTORELEASING = YES;
				CLANG_WARN_BOOL_CONVERSION = YES;
				CLANG_WARN_COMMA = YES;
				CLANG_WARN_CONSTANT_CONVERSION = YES;
				CLANG_WARN_DEPRECATED_OBJC_IMPLEMENTATIONS = YES;
				CLANG_WARN_DIRECT_OBJC_ISA_USAGE = YES_ERROR;
				CLANG_WARN_DOCUMENTATION_COMMENTS = YES;
				CLANG_WARN_EMPTY_BODY = YES;
				CLANG_WARN_ENUM_CONVERSION = YES;
				CLANG_WARN_INFINITE_RECURSION = YES;
				CLANG_WARN_INT_CONVERSION = YES;
				CLANG_WARN_NON_LITERAL_NULL_CONVERSION = YES;
				CLANG_WARN_OBJC_IMPLICIT_RETAIN_SELF = YES;
				CLANG_WARN_OBJC_LITERAL_CONVERSION = YES;
				CLANG_WARN_OBJC_ROOT_CLASS = YES_ERROR;
				CLANG_WARN_RANGE_LOOP_ANALYSIS = YES;
				CLANG_WARN_STRICT_PROTOTYPES = YES;
				CLANG_WARN_SUSPICIOUS_MOVE = YES;
				CLANG_WARN_UNGUARDED_AVAILABILITY = YES_AGGRESSIVE;
				CLANG_WARN_UNREACHABLE_CODE = YES;
				CLANG_WARN__DUPLICATE_METHOD_MATCH = YES;
				COPY_PHASE_STRIP = NO;
				DEBUG_INFORMATION_FORMAT = dwarf;
				ENABLE_STRICT_OBJC_MSGSEND = YES;
				ENABLE_TESTABILITY = YES;
				GCC_C_LANGUAGE_STANDARD = gnu11;
				GCC_DYNAMIC_NO_PIC = NO;
				GCC_NO_COMMON_BLOCKS = YES;
				GCC_OPTIMIZATION_LEVEL = 0;
				GCC_PREPROCESSOR_DEFINITIONS = (
					"DEBUG=1",
					"$(inherited)",
				);
				GCC_WARN_64_TO_32_BIT_CONVERSION = YES;
				GCC_WARN_ABOUT_RETURN_TYPE = YES_ERROR;
				GCC_WARN_UNDECLARED_SELECTOR = YES;
				GCC_WARN_UNINITIALIZED_AUTOS = YES_AGGRESSIVE;
				GCC_WARN_UNUSED_FUNCTION = YES;
				GCC_WARN_UNUSED_VARIABLE = YES;
				MACOSX_DEPLOYMENT_TARGET = 10.15;
				MTL_ENABLE_DEBUG_INFO = INCLUDE_SOURCE;
				MTL_FAST_MATH = YES;
				ONLY_ACTIVE_ARCH = YES;
				SDKROOT = macosx;
			};
			name = Debug;
		};
		A1759921244EE33500C90A1E /* Release */ = {
			isa = XCBuildConfiguration;
			buildSettings = {
				ALWAYS_SEARCH_USER_PATHS = NO;
				CLANG_ANALYZER_NONNULL = YES;
				CLANG_ANALYZER_NUMBER_OBJECT_CONVERSION = YES_AGGRESSIVE;
				CLANG_CXX_LANGUAGE_STANDARD = "gnu++14";
				CLANG_CXX_LIBRARY = "libc++";
				CLANG_ENABLE_MODULES = YES;
				CLANG_ENABLE_OBJC_ARC = YES;
				CLANG_ENABLE_OBJC_WEAK = YES;
				CLANG_WARN_BLOCK_CAPTURE_AUTORELEASING = YES;
				CLANG_WARN_BOOL_CONVERSION = YES;
				CLANG_WARN_COMMA = YES;
				CLANG_WARN_CONSTANT_CONVERSION = YES;
				CLANG_WARN_DEPRECATED_OBJC_IMPLEMENTATIONS = YES;
				CLANG_WARN_DIRECT_OBJC_ISA_USAGE = YES_ERROR;
				CLANG_WARN_DOCUMENTATION_COMMENTS = YES;
				CLANG_WARN_EMPTY_BODY = YES;
				CLANG_WARN_ENUM_CONVERSION = YES;
				CLANG_WARN_INFINITE_RECURSION = YES;
				CLANG_WARN_INT_CONVERSION = YES;
				CLANG_WARN_NON_LITERAL_NULL_CONVERSION = YES;
				CLANG_WARN_OBJC_IMPLICIT_RETAIN_SELF = YES;
				CLANG_WARN_OBJC_LITERAL_CONVERSION = YES;
				CLANG_WARN_OBJC_ROOT_CLASS = YES_ERROR;
				CLANG_WARN_RANGE_LOOP_ANALYSIS = YES;
				CLANG_WARN_STRICT_PROTOTYPES = YES;
				CLANG_WARN_SUSPICIOUS_MOVE = YES;
				CLANG_WARN_UNGUARDED_AVAILABILITY = YES_AGGRESSIVE;
				CLANG_WARN_UNREACHABLE_CODE = YES;
				CLANG_WARN__DUPLICATE_METHOD_MATCH = YES;
				COPY_PHASE_STRIP = NO;
				DEBUG_INFORMATION_FORMAT = "dwarf-with-dsym";
				ENABLE_NS_ASSERTIONS = NO;
				ENABLE_STRICT_OBJC_MSGSEND = YES;
				GCC_C_LANGUAGE_STANDARD = gnu11;
				GCC_NO_COMMON_BLOCKS = YES;
				GCC_WARN_64_TO_32_BIT_CONVERSION = YES;
				GCC_WARN_ABOUT_RETURN_TYPE = YES_ERROR;
				GCC_WARN_UNDECLARED_SELECTOR = YES;
				GCC_WARN_UNINITIALIZED_AUTOS = YES_AGGRESSIVE;
				GCC_WARN_UNUSED_FUNCTION = YES;
				GCC_WARN_UNUSED_VARIABLE = YES;
				MACOSX_DEPLOYMENT_TARGET = 10.15;
				MTL_ENABLE_DEBUG_INFO = NO;
				MTL_FAST_MATH = YES;
				SDKROOT = macosx;
			};
			name = Release;
		};
		A1759923244EE33500C90A1E /* Debug */ = {
			isa = XCBuildConfiguration;
			buildSettings = {
				CODE_SIGN_STYLE = Automatic;
				PRODUCT_NAME = "$(TARGET_NAME)";
			};
			name = Debug;
		};
		A1759924244EE33500C90A1E /* Release */ = {
			isa = XCBuildConfiguration;
			buildSettings = {
				CODE_SIGN_STYLE = Automatic;
				PRODUCT_NAME = "$(TARGET_NAME)";
			};
			name = Release;
		};
/* End XCBuildConfiguration section */

/* Begin XCConfigurationList section */
		A1759916244EE33500C90A1E /* Build configuration list for PBXProject "homework_LLGMN_TA" */ = {
			isa = XCConfigurationList;
			buildConfigurations = (
				A1759920244EE33500C90A1E /* Debug */,
				A1759921244EE33500C90A1E /* Release */,
			);
			defaultConfigurationIsVisible = 0;
			defaultConfigurationName = Release;
		};
		A1759922244EE33500C90A1E /* Build configuration list for PBXNativeTarget "homework_LLGMN_TA" */ = {
			isa = XCConfigurationList;
			buildConfigurations = (
				A1759923244EE33500C90A1E /* Debug */,
				A1759924244EE33500C90A1E /* Release */,
			);
			defaultConfigurationIsVisible = 0;
			defaultConfigurationName = Release;
		};
/* End XCConfigurationList section */
	};
	rootObject = A1759913244EE33500C90A1E /* Project object */;
}
